
Microsoft Visual Studio Solution File, Format Version 12.00
# Visual Studio Version 16
VisualStudioVersion = 16.0.29806.167
MinimumVisualStudioVersion = 10.0.40219.1
Project("{9A19103F-16F7-4668-BE54-9A1E7A4F7556}") = "GaleForceCore", "GaleForceCore.csproj", "{44C797CD-4EC4-4A60-BAFF-32010E308B80}"
EndProject
Project("{FAE04EC0-301F-11D3-BF4B-00C04F79EFBC}") = "TestGaleForceCore", "TestGaleForceCore\TestGaleForceCore.csproj", "{1CA4F195-C089-42CF-9577-F06E5736D645}"
EndProject
Global
	GlobalSection(SolutionConfigurationPlatforms) = preSolution
		Debug|Any CPU = Debug|Any CPU
		Release|Any CPU = Release|Any CPU
	EndGlobalSection
	GlobalSection(ProjectConfigurationPlatforms) = postSolution
		{44C797CD-4EC4-4A60-BAFF-32010E308B80}.Debug|Any CPU.ActiveCfg = Debug|Any CPU
		{44C797CD-4EC4-4A60-BAFF-32010E308B80}.Debug|Any CPU.Build.0 = Debug|Any CPU
		{44C797CD-4EC4-4A60-BAFF-32010E308B80}.Release|Any CPU.ActiveCfg = Release|Any CPU
		{44C797CD-4EC4-4A60-BAFF-32010E308B80}.Release|Any CPU.Build.0 = Release|Any CPU
		{1CA4F195-C089-42CF-9577-F06E5736D645}.Debug|Any CPU.ActiveCfg = Debug|Any CPU
		{1CA4F195-C089-42CF-9577-F06E5736D645}.Debug|Any CPU.Build.0 = Debug|Any CPU
		{1CA4F195-C089-42CF-9577-F06E5736D645}.Release|Any CPU.ActiveCfg = Release|Any CPU
		{1CA4F195-C089-42CF-9577-F06E5736D645}.Release|Any CPU.Build.0 = Release|Any CPU
	EndGlobalSection
	GlobalSection(SolutionProperties) = preSolution
		HideSolutionNode = FALSE
	EndGlobalSection
	GlobalSection(ExtensibilityGlobals) = postSolution
		SolutionGuid = {9EC4D7F8-AE76-439B-8E13-778BE2248D35}
	EndGlobalSection
EndGlobal
